
Microsoft Visual Studio Solution File, Format Version 12.00
# Visual Studio Version 17
VisualStudioVersion = 17.4.33110.190
MinimumVisualStudioVersion = 10.0.40219.1
Project("{8BC9CEB8-8B4A-11D0-8D11-00A0C91BC942}") = "SSR", "SSR.vcxproj", "{6F42FA21-8E61-4B1D-B84A-3C4ED4A2F72B}"
EndProject
Global
	GlobalSection(SolutionConfigurationPlatforms) = preSolution
		Debug|x64 = Debug|x64
		Debug|x86 = Debug|x86
		Release|x64 = Release|x64
		Release|x86 = Release|x86
	EndGlobalSection
	GlobalSection(ProjectConfigurationPlatforms) = postSolution
		{6F42FA21-8E61-4B1D-B84A-3C4ED4A2F72B}.Debug|x64.ActiveCfg = Debug|x64
		{6F42FA21-8E61-4B1D-B84A-3C4ED4A2F72B}.Debug|x64.Build.0 = Debug|x64
		{6F42FA21-8E61-4B1D-B84A-3C4ED4A2F72B}.Debug|x86.ActiveCfg = Debug|Win32
		{6F42FA21-8E61-4B1D-B84A-3C4ED4A2F72B}.Debug|x86.Build.0 = Debug|Win32
		{6F42FA21-8E61-4B1D-B84A-3C4ED4A2F72B}.Release|x64.ActiveCfg = Release|x64
		{6F42FA21-8E61-4B1D-B84A-3C4ED4A2F72B}.Release|x64.Build.0 = Release|x64
		{6F42FA21-8E61-4B1D-B84A-3C4ED4A2F72B}.Release|x86.ActiveCfg = Release|Win32
		{6F42FA21-8E61-4B1D-B84A-3C4ED4A2F72B}.Release|x86.Build.0 = Release|Win32
	EndGlobalSection
	GlobalSection(SolutionProperties) = preSolution
		HideSolutionNode = FALSE
	EndGlobalSection
	GlobalSection(ExtensibilityGlobals) = postSolution
		SolutionGuid = {4EE28A87-D7EB-47EC-A142-06A9B784050A}
	EndGlobalSection
EndGlobal
